PODS:
  - SignalProtocol-ObjC (0.1.0):
    - SignalProtocolC (~> 0.1.0)
  - SignalProtocolC (0.1.0)

DEPENDENCIES:
  - SignalProtocol-ObjC (from `../SignalProtocol-ObjC.podspec`)
  - SignalProtocolC (from `https://raw.githubusercontent.com/ChatSecure/SignalProtocolC.podspec/62477d36650a4e31d494046082310180217a0d29/SignalProtocolC.podspec`)

EXTERNAL SOURCES:
  SignalProtocol-ObjC:
    :path: "../SignalProtocol-ObjC.podspec"
  SignalProtocolC:
    :podspec: https://raw.githubusercontent.com/ChatSecure/SignalProtocolC.podspec/62477d36650a4e31d494046082310180217a0d29/SignalProtocolC.podspec

SPEC CHECKSUMS:
  SignalProtocol-ObjC: 06dbca97b2c0b1b434ea325abc50b4c26cf6e900
  SignalProtocolC: 693289d20b8991b1d2588740cf48010d3d1ef4f4

PODFILE CHECKSUM: c7ad1aa00b7c24977f79cabcd2868bdb864dfb7d

COCOAPODS: 1.1.0.rc.2
