// !$*UTF8*$!
{
	archiveVersion = 1;
	classes = {
	};
	objectVersion = 46;
	objects = {

/* Begin PBXBuildFile section */
		D92D75261E8DAEA300B478E8 /* SignalProtocolTests.swift in Sources */ = {isa = PBXBuildFile; fileRef = D938C01D1D207BD700DCC13F /* SignalProtocolTests.swift */; };
		D92D75271E8DAEA300B478E8 /* SignalProtocolObjCTests.m in Sources */ = {isa = PBXBuildFile; fileRef = D9EEEDCF1D25F1E600B8BC54 /* SignalProtocolObjCTests.m */; };
		D92D75281E8DAEA300B478E8 /* SignalStoreInMemoryStorage.m in Sources */ = {isa = PBXBuildFile; fileRef = D9EEEDCB1D25E20500B8BC54 /* SignalStoreInMemoryStorage.m */; };
		D92D75351E8DAEBF00B478E8 /* SignalProtocolObjC.framework in Frameworks */ = {isa = PBXBuildFile; fileRef = D92D75301E8DAEAC00B478E8 /* SignalProtocolObjC.framework */; };
		D92D75421E8DAFC600B478E8 /* SignalProtocolTests.swift in Sources */ = {isa = PBXBuildFile; fileRef = D938C01D1D207BD700DCC13F /* SignalProtocolTests.swift */; };
		D92D75431E8DAFC600B478E8 /* SignalProtocolObjCTests.m in Sources */ = {isa = PBXBuildFile; fileRef = D9EEEDCF1D25F1E600B8BC54 /* SignalProtocolObjCTests.m */; };
		D92D75441E8DAFC600B478E8 /* SignalStoreInMemoryStorage.m in Sources */ = {isa = PBXBuildFile; fileRef = D9EEEDCB1D25E20500B8BC54 /* SignalStoreInMemoryStorage.m */; };
		D92D75471E8DAFDE00B478E8 /* SignalProtocolObjC.framework in Frameworks */ = {isa = PBXBuildFile; fileRef = D92D75321E8DAEAC00B478E8 /* SignalProtocolObjC.framework */; };
		D938C01E1D207BD700DCC13F /* SignalProtocolTests.swift in Sources */ = {isa = PBXBuildFile; fileRef = D938C01D1D207BD700DCC13F /* SignalProtocolTests.swift */; };
		D9EEEDCC1D25E20500B8BC54 /* SignalStoreInMemoryStorage.m in Sources */ = {isa = PBXBuildFile; fileRef = D9EEEDCB1D25E20500B8BC54 /* SignalStoreInMemoryStorage.m */; };
		D9EEEDD01D25F1E600B8BC54 /* SignalProtocolObjCTests.m in Sources */ = {isa = PBXBuildFile; fileRef = D9EEEDCF1D25F1E600B8BC54 /* SignalProtocolObjCTests.m */; };
		F7F990F9D0490F448834F13D /* Pods_Tests_Pods_macOS.framework in Frameworks */ = {isa = PBXBuildFile; fileRef = 2E64A22C98D7A5458539BB20 /* Pods_Tests_Pods_macOS.framework */; };
/* End PBXBuildFile section */

/* Begin PBXContainerItemProxy section */
		D92D752F1E8DAEAC00B478E8 /* PBXContainerItemProxy */ = {
			isa = PBXContainerItemProxy;
			containerPortal = D92D75291E8DAEAB00B478E8 /* SignalProtocolObjC.xcodeproj */;
			proxyType = 2;
			remoteGlobalIDString = D92D74571E8DAAC600B478E8;
			remoteInfo = "SignalProtocolObjC (macOS)";
		};
		D92D75311E8DAEAC00B478E8 /* PBXContainerItemProxy */ = {
			isa = PBXContainerItemProxy;
			containerPortal = D92D75291E8DAEAB00B478E8 /* SignalProtocolObjC.xcodeproj */;
			proxyType = 2;
			remoteGlobalIDString = D92D75141E8DAC9E00B478E8;
			remoteInfo = "SignalProtocolObjC (iOS)";
		};
		D92D75331E8DAEB400B478E8 /* PBXContainerItemProxy */ = {
			isa = PBXContainerItemProxy;
			containerPortal = D92D75291E8DAEAB00B478E8 /* SignalProtocolObjC.xcodeproj */;
			proxyType = 1;
			remoteGlobalIDString = D92D74561E8DAAC600B478E8;
			remoteInfo = "SignalProtocolObjC (macOS)";
		};
		D92D75451E8DAFD600B478E8 /* PBXContainerItemProxy */ = {
			isa = PBXContainerItemProxy;
			containerPortal = D92D75291E8DAEAB00B478E8 /* SignalProtocolObjC.xcodeproj */;
			proxyType = 1;
			remoteGlobalIDString = D92D74D71E8DAC9E00B478E8;
			remoteInfo = "SignalProtocolObjC (iOS)";
		};
/* End PBXContainerItemProxy section */

/* Begin PBXFileReference section */
		2E64A22C98D7A5458539BB20 /* Pods_Tests_Pods_macOS.framework */ = {isa = PBXFileReference; explicitFileType = wrapper.framework; includeInIndex = 0; path = Pods_Tests_Pods_macOS.framework; sourceTree = BUILT_PRODUCTS_DIR; };
		8D9939512A56AE23F16FA710 /* Pods-Tests-Pods-macOS.debug.xcconfig */ = {isa = PBXFileReference; includeInIndex = 1; lastKnownFileType = text.xcconfig; name = "Pods-Tests-Pods-macOS.debug.xcconfig"; path = "Pods/Target Support Files/Pods-Tests-Pods-macOS/Pods-Tests-Pods-macOS.debug.xcconfig"; sourceTree = "<group>"; };
		D92D751E1E8DAE7500B478E8 /* Tests-Framework-macOS.xctest */ = {isa = PBXFileReference; explicitFileType = wrapper.cfbundle; includeInIndex = 0; path = "Tests-Framework-macOS.xctest"; sourceTree = BUILT_PRODUCTS_DIR; };
		D92D75291E8DAEAB00B478E8 /* SignalProtocolObjC.xcodeproj */ = {isa = PBXFileReference; lastKnownFileType = "wrapper.pb-project"; name = SignalProtocolObjC.xcodeproj; path = ../SignalProtocolObjC.xcodeproj; sourceTree = "<group>"; };
		D92D753A1E8DAFA100B478E8 /* Tests-Framework-iOS.xctest */ = {isa = PBXFileReference; explicitFileType = wrapper.cfbundle; includeInIndex = 0; path = "Tests-Framework-iOS.xctest"; sourceTree = BUILT_PRODUCTS_DIR; };
		D938C01B1D207BD700DCC13F /* Tests-Pods-macOS.xctest */ = {isa = PBXFileReference; explicitFileType = wrapper.cfbundle; includeInIndex = 0; path = "Tests-Pods-macOS.xctest"; sourceTree = BUILT_PRODUCTS_DIR; };
		D938C01D1D207BD700DCC13F /* SignalProtocolTests.swift */ = {isa = PBXFileReference; lastKnownFileType = sourcecode.swift; path = SignalProtocolTests.swift; sourceTree = "<group>"; };
		D938C01F1D207BD700DCC13F /* Info.plist */ = {isa = PBXFileReference; lastKnownFileType = text.plist.xml; path = Info.plist; sourceTree = "<group>"; };
		D9EEEDCA1D25E20500B8BC54 /* SignalStoreInMemoryStorage.h */ = {isa = PBXFileReference; fileEncoding = 4; lastKnownFileType = sourcecode.c.h; path = SignalStoreInMemoryStorage.h; sourceTree = "<group>"; };
		D9EEEDCB1D25E20500B8BC54 /* SignalStoreInMemoryStorage.m */ = {isa = PBXFileReference; fileEncoding = 4; lastKnownFileType = sourcecode.c.objc; path = SignalStoreInMemoryStorage.m; sourceTree = "<group>"; };
		D9EEEDCF1D25F1E600B8BC54 /* SignalProtocolObjCTests.m */ = {isa = PBXFileReference; fileEncoding = 4; lastKnownFileType = sourcecode.c.objc; path = SignalProtocolObjCTests.m; sourceTree = "<group>"; };
		DDC079BF2289657ECF053725 /* Pods-Tests-Pods-macOS.release.xcconfig */ = {isa = PBXFileReference; includeInIndex = 1; lastKnownFileType = text.xcconfig; name = "Pods-Tests-Pods-macOS.release.xcconfig"; path = "Pods/Target Support Files/Pods-Tests-Pods-macOS/Pods-Tests-Pods-macOS.release.xcconfig"; sourceTree = "<group>"; };
/* End PBXFileReference section */

/* Begin PBXFrameworksBuildPhase section */
		D92D751B1E8DAE7500B478E8 /* Frameworks */ = {
			isa = PBXFrameworksBuildPhase;
			buildActionMask = 2147483647;
			files = (
				D92D75351E8DAEBF00B478E8 /* SignalProtocolObjC.framework in Frameworks */,
			);
			runOnlyForDeploymentPostprocessing = 0;
		};
		D92D75371E8DAFA100B478E8 /* Frameworks */ = {
			isa = PBXFrameworksBuildPhase;
			buildActionMask = 2147483647;
			files = (
				D92D75471E8DAFDE00B478E8 /* SignalProtocolObjC.framework in Frameworks */,
			);
			runOnlyForDeploymentPostprocessing = 0;
		};
		D938C0181D207BD700DCC13F /* Frameworks */ = {
			isa = PBXFrameworksBuildPhase;
			buildActionMask = 2147483647;
			files = (
				F7F990F9D0490F448834F13D /* Pods_Tests_Pods_macOS.framework in Frameworks */,
			);
			runOnlyForDeploymentPostprocessing = 0;
		};
/* End PBXFrameworksBuildPhase section */

/* Begin PBXGroup section */
		77DAD5FBA67DC95600CE07D2 /* Frameworks */ = {
			isa = PBXGroup;
			children = (
				2E64A22C98D7A5458539BB20 /* Pods_Tests_Pods_macOS.framework */,
			);
			name = Frameworks;
			sourceTree = "<group>";
		};
		A8F8F8B2D353CF7BEFA80B8E /* Pods */ = {
			isa = PBXGroup;
			children = (
				8D9939512A56AE23F16FA710 /* Pods-Tests-Pods-macOS.debug.xcconfig */,
				DDC079BF2289657ECF053725 /* Pods-Tests-Pods-macOS.release.xcconfig */,
			);
			name = Pods;
			sourceTree = "<group>";
		};
		D92D752A1E8DAEAB00B478E8 /* Products */ = {
			isa = PBXGroup;
			children = (
				D92D75301E8DAEAC00B478E8 /* SignalProtocolObjC.framework */,
				D92D75321E8DAEAC00B478E8 /* SignalProtocolObjC.framework */,
			);
			name = Products;
			sourceTree = "<group>";
		};
		D938C01C1D207BD700DCC13F /* SignalProtocolTests */ = {
			isa = PBXGroup;
			children = (
				D938C01D1D207BD700DCC13F /* SignalProtocolTests.swift */,
				D9EEEDCF1D25F1E600B8BC54 /* SignalProtocolObjCTests.m */,
				D9EEEDCA1D25E20500B8BC54 /* SignalStoreInMemoryStorage.h */,
				D9EEEDCB1D25E20500B8BC54 /* SignalStoreInMemoryStorage.m */,
				D938C01F1D207BD700DCC13F /* Info.plist */,
			);
			path = SignalProtocolTests;
			sourceTree = "<group>";
		};
		D9CC4AB51D1EF77600C327E5 = {
			isa = PBXGroup;
			children = (
				D92D75291E8DAEAB00B478E8 /* SignalProtocolObjC.xcodeproj */,
				D938C01C1D207BD700DCC13F /* SignalProtocolTests */,
				D9CC4AC11D1EF7B600C327E5 /* Products */,
				A8F8F8B2D353CF7BEFA80B8E /* Pods */,
				77DAD5FBA67DC95600CE07D2 /* Frameworks */,
			);
			sourceTree = "<group>";
		};
		D9CC4AC11D1EF7B600C327E5 /* Products */ = {
			isa = PBXGroup;
			children = (
				D938C01B1D207BD700DCC13F /* Tests-Pods-macOS.xctest */,
				D92D751E1E8DAE7500B478E8 /* Tests-Framework-macOS.xctest */,
				D92D753A1E8DAFA100B478E8 /* Tests-Framework-iOS.xctest */,
			);
			name = Products;
			sourceTree = "<group>";
		};
/* End PBXGroup section */

/* Begin PBXNativeTarget section */
		D92D751D1E8DAE7500B478E8 /* Tests-Framework-macOS */ = {
			isa = PBXNativeTarget;
			buildConfigurationList = D92D75251E8DAE7500B478E8 /* Build configuration list for PBXNativeTarget "Tests-Framework-macOS" */;
			buildPhases = (
				D92D751A1E8DAE7500B478E8 /* Sources */,
				D92D751B1E8DAE7500B478E8 /* Frameworks */,
				D92D751C1E8DAE7500B478E8 /* Resources */,
			);
			buildRules = (
			);
			dependencies = (
				D92D75341E8DAEB400B478E8 /* PBXTargetDependency */,
			);
			name = "Tests-Framework-macOS";
			productName = "Tests-Framework-macOS";
			productReference = D92D751E1E8DAE7500B478E8 /* Tests-Framework-macOS.xctest */;
			productType = "com.apple.product-type.bundle.unit-test";
		};
		D92D75391E8DAFA100B478E8 /* Tests-Framework-iOS */ = {
			isa = PBXNativeTarget;
			buildConfigurationList = D92D753F1E8DAFA100B478E8 /* Build configuration list for PBXNativeTarget "Tests-Framework-iOS" */;
			buildPhases = (
				D92D75361E8DAFA100B478E8 /* Sources */,
				D92D75371E8DAFA100B478E8 /* Frameworks */,
				D92D75381E8DAFA100B478E8 /* Resources */,
			);
			buildRules = (
			);
			dependencies = (
				D92D75461E8DAFD600B478E8 /* PBXTargetDependency */,
			);
			name = "Tests-Framework-iOS";
			productName = "Tests-Framework-iOS";
			productReference = D92D753A1E8DAFA100B478E8 /* Tests-Framework-iOS.xctest */;
			productType = "com.apple.product-type.bundle.unit-test";
		};
		D938C01A1D207BD700DCC13F /* Tests-Pods-macOS */ = {
			isa = PBXNativeTarget;
			buildConfigurationList = D938C0201D207BD700DCC13F /* Build configuration list for PBXNativeTarget "Tests-Pods-macOS" */;
			buildPhases = (
				284B8E5C019CDA61A663181C /* [CP] Check Pods Manifest.lock */,
				D938C0171D207BD700DCC13F /* Sources */,
				D938C0181D207BD700DCC13F /* Frameworks */,
				D938C0191D207BD700DCC13F /* Resources */,
				C28B5F5C2B913F69DE085BD0 /* [CP] Embed Pods Frameworks */,
			);
			buildRules = (
			);
			dependencies = (
			);
			name = "Tests-Pods-macOS";
			productName = SignalProtocolTests;
			productReference = D938C01B1D207BD700DCC13F /* Tests-Pods-macOS.xctest */;
			productType = "com.apple.product-type.bundle.unit-test";
		};
/* End PBXNativeTarget section */

/* Begin PBXProject section */
		D9CC4AB61D1EF77600C327E5 /* Project object */ = {
			isa = PBXProject;
			attributes = {
				LastSwiftUpdateCheck = 0830;
				LastUpgradeCheck = 0940;
				TargetAttributes = {
					D92D751D1E8DAE7500B478E8 = {
						CreatedOnToolsVersion = 8.3;
						ProvisioningStyle = Automatic;
					};
					D92D75391E8DAFA100B478E8 = {
						CreatedOnToolsVersion = 8.3;
						ProvisioningStyle = Automatic;
					};
					D938C01A1D207BD700DCC13F = {
						CreatedOnToolsVersion = 7.3.1;
						LastSwiftMigration = 0830;
					};
				};
			};
			buildConfigurationList = D9CC4AB91D1EF77600C327E5 /* Build configuration list for PBXProject "SignalProtocolTests" */;
			compatibilityVersion = "Xcode 3.2";
			developmentRegion = English;
			hasScannedForEncodings = 0;
			knownRegions = (
				en,
			);
			mainGroup = D9CC4AB51D1EF77600C327E5;
			productRefGroup = D9CC4AC11D1EF7B600C327E5 /* Products */;
			projectDirPath = "";
			projectReferences = (
				{
					ProductGroup = D92D752A1E8DAEAB00B478E8 /* Products */;
					ProjectRef = D92D75291E8DAEAB00B478E8 /* SignalProtocolObjC.xcodeproj */;
				},
			);
			projectRoot = "";
			targets = (
				D938C01A1D207BD700DCC13F /* Tests-Pods-macOS */,
				D92D751D1E8DAE7500B478E8 /* Tests-Framework-macOS */,
				D92D75391E8DAFA100B478E8 /* Tests-Framework-iOS */,
			);
		};
/* End PBXProject section */

/* Begin PBXReferenceProxy section */
		D92D75301E8DAEAC00B478E8 /* SignalProtocolObjC.framework */ = {
			isa = PBXReferenceProxy;
			fileType = wrapper.framework;
			path = SignalProtocolObjC.framework;
			remoteRef = D92D752F1E8DAEAC00B478E8 /* PBXContainerItemProxy */;
			sourceTree = BUILT_PRODUCTS_DIR;
		};
		D92D75321E8DAEAC00B478E8 /* SignalProtocolObjC.framework */ = {
			isa = PBXReferenceProxy;
			fileType = wrapper.framework;
			path = SignalProtocolObjC.framework;
			remoteRef = D92D75311E8DAEAC00B478E8 /* PBXContainerItemProxy */;
			sourceTree = BUILT_PRODUCTS_DIR;
		};
/* End PBXReferenceProxy section */

/* Begin PBXResourcesBuildPhase section */
		D92D751C1E8DAE7500B478E8 /* Resources */ = {
			isa = PBXResourcesBuildPhase;
			buildActionMask = 2147483647;
			files = (
			);
			runOnlyForDeploymentPostprocessing = 0;
		};
		D92D75381E8DAFA100B478E8 /* Resources */ = {
			isa = PBXResourcesBuildPhase;
			buildActionMask = 2147483647;
			files = (
			);
			runOnlyForDeploymentPostprocessing = 0;
		};
		D938C0191D207BD700DCC13F /* Resources */ = {
			isa = PBXResourcesBuildPhase;
			buildActionMask = 2147483647;
			files = (
			);
			runOnlyForDeploymentPostprocessing = 0;
		};
/* End PBXResourcesBuildPhase section */

/* Begin PBXShellScriptBuildPhase section */
		284B8E5C019CDA61A663181C /* [CP] Check Pods Manifest.lock */ = {
			isa = PBXShellScriptBuildPhase;
			buildActionMask = 2147483647;
			files = (
			);
			inputPaths = (
				"${PODS_PODFILE_DIR_PATH}/Podfile.lock",
				"${PODS_ROOT}/Manifest.lock",
			);
			name = "[CP] Check Pods Manifest.lock";
			outputPaths = (
				"$(DERIVED_FILE_DIR)/Pods-Tests-Pods-macOS-checkManifestLockResult.txt",
			);
			runOnlyForDeploymentPostprocessing = 0;
			shellPath = /bin/sh;
			shellScript = "diff \"${PODS_PODFILE_DIR_PATH}/Podfile.lock\" \"${PODS_ROOT}/Manifest.lock\" > /dev/null\nif [ $? != 0 ] ; then\n    # print error to STDERR\n    echo \"error: The sandbox is not in sync with the Podfile.lock. Run 'pod install' or update your CocoaPods installation.\" >&2\n    exit 1\nfi\n# This output is used by Xcode 'outputs' to avoid re-running this script phase.\necho \"SUCCESS\" > \"${SCRIPT_OUTPUT_FILE_0}\"\n";
			showEnvVarsInLog = 0;
		};
		C28B5F5C2B913F69DE085BD0 /* [CP] Embed Pods Frameworks */ = {
			isa = PBXShellScriptBuildPhase;
			buildActionMask = 2147483647;
			files = (
			);
			inputPaths = (
				"${SRCROOT}/Pods/Target Support Files/Pods-Tests-Pods-macOS/Pods-Tests-Pods-macOS-frameworks.sh",
				"${BUILT_PRODUCTS_DIR}/SignalProtocolC/SignalProtocolC.framework",
				"${BUILT_PRODUCTS_DIR}/SignalProtocolObjC/SignalProtocolObjC.framework",
			);
			name = "[CP] Embed Pods Frameworks";
			outputPaths = (
				"${TARGET_BUILD_DIR}/${FRAMEWORKS_FOLDER_PATH}/SignalProtocolC.framework",
				"${TARGET_BUILD_DIR}/${FRAMEWORKS_FOLDER_PATH}/SignalProtocolObjC.framework",
			);
			runOnlyForDeploymentPostprocessing = 0;
			shellPath = /bin/sh;
			shellScript = "\"${SRCROOT}/Pods/Target Support Files/Pods-Tests-Pods-macOS/Pods-Tests-Pods-macOS-frameworks.sh\"\n";
			showEnvVarsInLog = 0;
		};
/* End PBXShellScriptBuildPhase section */

/* Begin PBXSourcesBuildPhase section */
		D92D751A1E8DAE7500B478E8 /* Sources */ = {
			isa = PBXSourcesBuildPhase;
			buildActionMask = 2147483647;
			files = (
				D92D75261E8DAEA300B478E8 /* SignalProtocolTests.swift in Sources */,
				D92D75281E8DAEA300B478E8 /* SignalStoreInMemoryStorage.m in Sources */,
				D92D75271E8DAEA300B478E8 /* SignalProtocolObjCTests.m in Sources */,
			);
			runOnlyForDeploymentPostprocessing = 0;
		};
		D92D75361E8DAFA100B478E8 /* Sources */ = {
			isa = PBXSourcesBuildPhase;
			buildActionMask = 2147483647;
			files = (
				D92D75431E8DAFC600B478E8 /* SignalProtocolObjCTests.m in Sources */,
				D92D75421E8DAFC600B478E8 /* SignalProtocolTests.swift in Sources */,
				D92D75441E8DAFC600B478E8 /* SignalStoreInMemoryStorage.m in Sources */,
			);
			runOnlyForDeploymentPostprocessing = 0;
		};
		D938C0171D207BD700DCC13F /* Sources */ = {
			isa = PBXSourcesBuildPhase;
			buildActionMask = 2147483647;
			files = (
				D9EEEDD01D25F1E600B8BC54 /* SignalProtocolObjCTests.m in Sources */,
				D938C01E1D207BD700DCC13F /* SignalProtocolTests.swift in Sources */,
				D9EEEDCC1D25E20500B8BC54 /* SignalStoreInMemoryStorage.m in Sources */,
			);
			runOnlyForDeploymentPostprocessing = 0;
		};
/* End PBXSourcesBuildPhase section */

/* Begin PBXTargetDependency section */
		D92D75341E8DAEB400B478E8 /* PBXTargetDependency */ = {
			isa = PBXTargetDependency;
			name = "SignalProtocolObjC (macOS)";
			targetProxy = D92D75331E8DAEB400B478E8 /* PBXContainerItemProxy */;
		};
		D92D75461E8DAFD600B478E8 /* PBXTargetDependency */ = {
			isa = PBXTargetDependency;
			name = "SignalProtocolObjC (iOS)";
			targetProxy = D92D75451E8DAFD600B478E8 /* PBXContainerItemProxy */;
		};
/* End PBXTargetDependency section */

/* Begin XCBuildConfiguration section */
		D92D75231E8DAE7500B478E8 /* Debug */ = {
			isa = XCBuildConfiguration;
			buildSettings = {
				ALWAYS_SEARCH_USER_PATHS = NO;
				CLANG_ANALYZER_NONNULL = YES;
				CLANG_ANALYZER_NUMBER_OBJECT_CONVERSION = YES_AGGRESSIVE;
				CLANG_CXX_LANGUAGE_STANDARD = "gnu++0x";
				CLANG_CXX_LIBRARY = "libc++";
				CLANG_ENABLE_MODULES = YES;
				CLANG_ENABLE_OBJC_ARC = YES;
				CLANG_WARN_DIRECT_OBJC_ISA_USAGE = YES_ERROR;
				CLANG_WARN_DOCUMENTATION_COMMENTS = NO;
				CLANG_WARN_OBJC_ROOT_CLASS = YES_ERROR;
				CODE_SIGN_IDENTITY = "-";
				COMBINE_HIDPI_IMAGES = YES;
				COPY_PHASE_STRIP = NO;
				DEBUG_INFORMATION_FORMAT = dwarf;
				GCC_C_LANGUAGE_STANDARD = gnu99;
				GCC_DYNAMIC_NO_PIC = NO;
				GCC_OPTIMIZATION_LEVEL = 0;
				GCC_PREPROCESSOR_DEFINITIONS = (
					"DEBUG=1",
					"$(inherited)",
				);
				GCC_WARN_ABOUT_RETURN_TYPE = YES_ERROR;
				GCC_WARN_UNINITIALIZED_AUTOS = YES_AGGRESSIVE;
				INFOPLIST_FILE = SignalProtocolTests/Info.plist;
				LD_RUNPATH_SEARCH_PATHS = "$(inherited) @executable_path/../Frameworks @loader_path/../Frameworks";
				MACOSX_DEPLOYMENT_TARGET = 10.12;
				MTL_ENABLE_DEBUG_INFO = YES;
				PRODUCT_BUNDLE_IDENTIFIER = "org.chatsecure.Tests-Framework-macOS";
				PRODUCT_NAME = "$(TARGET_NAME)";
				SDKROOT = macosx;
			};
			name = Debug;
		};
		D92D75241E8DAE7500B478E8 /* Release */ = {
			isa = XCBuildConfiguration;
			buildSettings = {
				ALWAYS_SEARCH_USER_PATHS = NO;
				CLANG_ANALYZER_NONNULL = YES;
				CLANG_ANALYZER_NUMBER_OBJECT_CONVERSION = YES_AGGRESSIVE;
				CLANG_CXX_LANGUAGE_STANDARD = "gnu++0x";
				CLANG_CXX_LIBRARY = "libc++";
				CLANG_ENABLE_MODULES = YES;
				CLANG_ENABLE_OBJC_ARC = YES;
				CLANG_WARN_DIRECT_OBJC_ISA_USAGE = YES_ERROR;
				CLANG_WARN_DOCUMENTATION_COMMENTS = NO;
				CLANG_WARN_OBJC_ROOT_CLASS = YES_ERROR;
				CODE_SIGN_IDENTITY = "-";
				COMBINE_HIDPI_IMAGES = YES;
				COPY_PHASE_STRIP = NO;
				DEBUG_INFORMATION_FORMAT = "dwarf-with-dsym";
				ENABLE_NS_ASSERTIONS = NO;
				GCC_C_LANGUAGE_STANDARD = gnu99;
				GCC_WARN_ABOUT_RETURN_TYPE = YES_ERROR;
				GCC_WARN_UNINITIALIZED_AUTOS = YES_AGGRESSIVE;
				INFOPLIST_FILE = SignalProtocolTests/Info.plist;
				LD_RUNPATH_SEARCH_PATHS = "$(inherited) @executable_path/../Frameworks @loader_path/../Frameworks";
				MACOSX_DEPLOYMENT_TARGET = 10.12;
				MTL_ENABLE_DEBUG_INFO = NO;
				PRODUCT_BUNDLE_IDENTIFIER = "org.chatsecure.Tests-Framework-macOS";
				PRODUCT_NAME = "$(TARGET_NAME)";
				SDKROOT = macosx;
			};
			name = Release;
		};
		D92D75401E8DAFA100B478E8 /* Debug */ = {
			isa = XCBuildConfiguration;
			buildSettings = {
				ALWAYS_SEARCH_USER_PATHS = NO;
				CLANG_ANALYZER_NONNULL = YES;
				CLANG_ANALYZER_NUMBER_OBJECT_CONVERSION = YES_AGGRESSIVE;
				CLANG_CXX_LANGUAGE_STANDARD = "gnu++0x";
				CLANG_CXX_LIBRARY = "libc++";
				CLANG_ENABLE_MODULES = YES;
				CLANG_ENABLE_OBJC_ARC = YES;
				CLANG_WARN_DIRECT_OBJC_ISA_USAGE = YES_ERROR;
				CLANG_WARN_DOCUMENTATION_COMMENTS = NO;
				CLANG_WARN_OBJC_ROOT_CLASS = YES_ERROR;
				"CODE_SIGN_IDENTITY[sdk=iphoneos*]" = "iPhone Developer";
				COPY_PHASE_STRIP = NO;
				DEBUG_INFORMATION_FORMAT = dwarf;
				GCC_C_LANGUAGE_STANDARD = gnu99;
				GCC_DYNAMIC_NO_PIC = NO;
				GCC_OPTIMIZATION_LEVEL = 0;
				GCC_PREPROCESSOR_DEFINITIONS = (
					"DEBUG=1",
					"$(inherited)",
				);
				GCC_WARN_ABOUT_RETURN_TYPE = YES_ERROR;
				GCC_WARN_UNINITIALIZED_AUTOS = YES_AGGRESSIVE;
				INFOPLIST_FILE = SignalProtocolTests/Info.plist;
				IPHONEOS_DEPLOYMENT_TARGET = 10.3;
				LD_RUNPATH_SEARCH_PATHS = "$(inherited) @executable_path/Frameworks @loader_path/Frameworks";
				MTL_ENABLE_DEBUG_INFO = YES;
				PRODUCT_BUNDLE_IDENTIFIER = "org.chatsecure.Tests-Framework-iOS";
				PRODUCT_NAME = "$(TARGET_NAME)";
				SDKROOT = iphoneos;
				SWIFT_ACTIVE_COMPILATION_CONDITIONS = DEBUG;
				SWIFT_OPTIMIZATION_LEVEL = "-Onone";
			};
			name = Debug;
		};
		D92D75411E8DAFA100B478E8 /* Release */ = {
			isa = XCBuildConfiguration;
			buildSettings = {
				ALWAYS_SEARCH_USER_PATHS = NO;
				CLANG_ANALYZER_NONNULL = YES;
				CLANG_ANALYZER_NUMBER_OBJECT_CONVERSION = YES_AGGRESSIVE;
				CLANG_CXX_LANGUAGE_STANDARD = "gnu++0x";
				CLANG_CXX_LIBRARY = "libc++";
				CLANG_ENABLE_MODULES = YES;
				CLANG_ENABLE_OBJC_ARC = YES;
				CLANG_WARN_DIRECT_OBJC_ISA_USAGE = YES_ERROR;
				CLANG_WARN_DOCUMENTATION_COMMENTS = NO;
				CLANG_WARN_OBJC_ROOT_CLASS = YES_ERROR;
				"CODE_SIGN_IDENTITY[sdk=iphoneos*]" = "iPhone Developer";
				COPY_PHASE_STRIP = NO;
				DEBUG_INFORMATION_FORMAT = "dwarf-with-dsym";
				ENABLE_NS_ASSERTIONS = NO;
				GCC_C_LANGUAGE_STANDARD = gnu99;
				GCC_WARN_ABOUT_RETURN_TYPE = YES_ERROR;
				GCC_WARN_UNINITIALIZED_AUTOS = YES_AGGRESSIVE;
				INFOPLIST_FILE = SignalProtocolTests/Info.plist;
				IPHONEOS_DEPLOYMENT_TARGET = 10.3;
				LD_RUNPATH_SEARCH_PATHS = "$(inherited) @executable_path/Frameworks @loader_path/Frameworks";
				MTL_ENABLE_DEBUG_INFO = NO;
				PRODUCT_BUNDLE_IDENTIFIER = "org.chatsecure.Tests-Framework-iOS";
				PRODUCT_NAME = "$(TARGET_NAME)";
				SDKROOT = iphoneos;
				VALIDATE_PRODUCT = YES;
			};
			name = Release;
		};
		D938C0211D207BD700DCC13F /* Debug */ = {
			isa = XCBuildConfiguration;
			baseConfigurationReference = 8D9939512A56AE23F16FA710 /* Pods-Tests-Pods-macOS.debug.xcconfig */;
			buildSettings = {
				ALWAYS_SEARCH_USER_PATHS = NO;
				CLANG_ANALYZER_NONNULL = YES;
				CLANG_CXX_LANGUAGE_STANDARD = "gnu++0x";
				CLANG_CXX_LIBRARY = "libc++";
				CLANG_ENABLE_MODULES = YES;
				CLANG_ENABLE_OBJC_ARC = YES;
				CLANG_WARN_BOOL_CONVERSION = YES;
				CLANG_WARN_CONSTANT_CONVERSION = YES;
				CLANG_WARN_DIRECT_OBJC_ISA_USAGE = YES_ERROR;
				CLANG_WARN_EMPTY_BODY = YES;
				CLANG_WARN_ENUM_CONVERSION = YES;
				CLANG_WARN_INT_CONVERSION = YES;
				CLANG_WARN_OBJC_ROOT_CLASS = YES_ERROR;
				CLANG_WARN_UNREACHABLE_CODE = YES;
				CLANG_WARN__DUPLICATE_METHOD_MATCH = YES;
				CODE_SIGN_IDENTITY = "-";
				COMBINE_HIDPI_IMAGES = YES;
				COPY_PHASE_STRIP = NO;
				DEBUG_INFORMATION_FORMAT = dwarf;
				ENABLE_STRICT_OBJC_MSGSEND = YES;
				ENABLE_TESTABILITY = YES;
				GCC_C_LANGUAGE_STANDARD = gnu99;
				GCC_DYNAMIC_NO_PIC = NO;
				GCC_NO_COMMON_BLOCKS = YES;
				GCC_OPTIMIZATION_LEVEL = 0;
				GCC_PREPROCESSOR_DEFINITIONS = (
					"DEBUG=1",
					"$(inherited)",
				);
				GCC_WARN_64_TO_32_BIT_CONVERSION = YES;
				GCC_WARN_ABOUT_RETURN_TYPE = YES_ERROR;
				GCC_WARN_UNDECLARED_SELECTOR = YES;
				GCC_WARN_UNINITIALIZED_AUTOS = YES_AGGRESSIVE;
				GCC_WARN_UNUSED_FUNCTION = YES;
				GCC_WARN_UNUSED_VARIABLE = YES;
				INFOPLIST_FILE = SignalProtocolTests/Info.plist;
				LD_RUNPATH_SEARCH_PATHS = "$(inherited) @executable_path/../Frameworks @loader_path/../Frameworks";
				MACOSX_DEPLOYMENT_TARGET = 10.11;
				MTL_ENABLE_DEBUG_INFO = YES;
				ONLY_ACTIVE_ARCH = YES;
				PRODUCT_BUNDLE_IDENTIFIER = org.whispersystems.SignalProtocolTests;
				PRODUCT_NAME = "$(TARGET_NAME)";
				SDKROOT = macosx;
				SWIFT_OPTIMIZATION_LEVEL = "-Onone";
			};
			name = Debug;
		};
		D938C0221D207BD700DCC13F /* Release */ = {
			isa = XCBuildConfiguration;
			baseConfigurationReference = DDC079BF2289657ECF053725 /* Pods-Tests-Pods-macOS.release.xcconfig */;
			buildSettings = {
				ALWAYS_SEARCH_USER_PATHS = NO;
				CLANG_ANALYZER_NONNULL = YES;
				CLANG_CXX_LANGUAGE_STANDARD = "gnu++0x";
				CLANG_CXX_LIBRARY = "libc++";
				CLANG_ENABLE_MODULES = YES;
				CLANG_ENABLE_OBJC_ARC = YES;
				CLANG_WARN_BOOL_CONVERSION = YES;
				CLANG_WARN_CONSTANT_CONVERSION = YES;
				CLANG_WARN_DIRECT_OBJC_ISA_USAGE = YES_ERROR;
				CLANG_WARN_EMPTY_BODY = YES;
				CLANG_WARN_ENUM_CONVERSION = YES;
				CLANG_WARN_INT_CONVERSION = YES;
				CLANG_WARN_OBJC_ROOT_CLASS = YES_ERROR;
				CLANG_WARN_UNREACHABLE_CODE = YES;
				CLANG_WARN__DUPLICATE_METHOD_MATCH = YES;
				CODE_SIGN_IDENTITY = "-";
				COMBINE_HIDPI_IMAGES = YES;
				COPY_PHASE_STRIP = NO;
				DEBUG_INFORMATION_FORMAT = "dwarf-with-dsym";
				ENABLE_NS_ASSERTIONS = NO;
				ENABLE_STRICT_OBJC_MSGSEND = YES;
				GCC_C_LANGUAGE_STANDARD = gnu99;
				GCC_NO_COMMON_BLOCKS = YES;
				GCC_WARN_64_TO_32_BIT_CONVERSION = YES;
				GCC_WARN_ABOUT_RETURN_TYPE = YES_ERROR;
				GCC_WARN_UNDECLARED_SELECTOR = YES;
				GCC_WARN_UNINITIALIZED_AUTOS = YES_AGGRESSIVE;
				GCC_WARN_UNUSED_FUNCTION = YES;
				GCC_WARN_UNUSED_VARIABLE = YES;
				INFOPLIST_FILE = SignalProtocolTests/Info.plist;
				LD_RUNPATH_SEARCH_PATHS = "$(inherited) @executable_path/../Frameworks @loader_path/../Frameworks";
				MACOSX_DEPLOYMENT_TARGET = 10.11;
				MTL_ENABLE_DEBUG_INFO = NO;
				PRODUCT_BUNDLE_IDENTIFIER = org.whispersystems.SignalProtocolTests;
				PRODUCT_NAME = "$(TARGET_NAME)";
				SDKROOT = macosx;
			};
			name = Release;
		};
		D9CC4ABA1D1EF77600C327E5 /* Debug */ = {
			isa = XCBuildConfiguration;
			buildSettings = {
				CLANG_WARN_BLOCK_CAPTURE_AUTORELEASING = YES;
				CLANG_WARN_BOOL_CONVERSION = YES;
				CLANG_WARN_COMMA = YES;
				CLANG_WARN_CONSTANT_CONVERSION = YES;
				CLANG_WARN_DEPRECATED_OBJC_IMPLEMENTATIONS = YES;
				CLANG_WARN_EMPTY_BODY = YES;
				CLANG_WARN_ENUM_CONVERSION = YES;
				CLANG_WARN_INFINITE_RECURSION = YES;
				CLANG_WARN_INT_CONVERSION = YES;
				CLANG_WARN_NON_LITERAL_NULL_CONVERSION = YES;
				CLANG_WARN_OBJC_IMPLICIT_RETAIN_SELF = YES;
				CLANG_WARN_OBJC_LITERAL_CONVERSION = YES;
				CLANG_WARN_RANGE_LOOP_ANALYSIS = YES;
				CLANG_WARN_STRICT_PROTOTYPES = YES;
				CLANG_WARN_SUSPICIOUS_MOVE = YES;
				CLANG_WARN_UNREACHABLE_CODE = YES;
				CLANG_WARN__DUPLICATE_METHOD_MATCH = YES;
				ENABLE_STRICT_OBJC_MSGSEND = YES;
				ENABLE_TESTABILITY = YES;
				GCC_NO_COMMON_BLOCKS = YES;
				GCC_WARN_64_TO_32_BIT_CONVERSION = YES;
				GCC_WARN_ABOUT_RETURN_TYPE = YES;
				GCC_WARN_UNDECLARED_SELECTOR = YES;
				GCC_WARN_UNINITIALIZED_AUTOS = YES;
				GCC_WARN_UNUSED_FUNCTION = YES;
				GCC_WARN_UNUSED_VARIABLE = YES;
				ONLY_ACTIVE_ARCH = YES;
				SWIFT_VERSION = 4.0;
			};
			name = Debug;
		};
		D9CC4ABB1D1EF77600C327E5 /* Release */ = {
			isa = XCBuildConfiguration;
			buildSettings = {
				CLANG_WARN_BLOCK_CAPTURE_AUTORELEASING = YES;
				CLANG_WARN_BOOL_CONVERSION = YES;
				CLANG_WARN_COMMA = YES;
				CLANG_WARN_CONSTANT_CONVERSION = YES;
				CLANG_WARN_DEPRECATED_OBJC_IMPLEMENTATIONS = YES;
				CLANG_WARN_EMPTY_BODY = YES;
				CLANG_WARN_ENUM_CONVERSION = YES;
				CLANG_WARN_INFINITE_RECURSION = YES;
				CLANG_WARN_INT_CONVERSION = YES;
				CLANG_WARN_NON_LITERAL_NULL_CONVERSION = YES;
				CLANG_WARN_OBJC_IMPLICIT_RETAIN_SELF = YES;
				CLANG_WARN_OBJC_LITERAL_CONVERSION = YES;
				CLANG_WARN_RANGE_LOOP_ANALYSIS = YES;
				CLANG_WARN_STRICT_PROTOTYPES = YES;
				CLANG_WARN_SUSPICIOUS_MOVE = YES;
				CLANG_WARN_UNREACHABLE_CODE = YES;
				CLANG_WARN__DUPLICATE_METHOD_MATCH = YES;
				ENABLE_STRICT_OBJC_MSGSEND = YES;
				GCC_NO_COMMON_BLOCKS = YES;
				GCC_WARN_64_TO_32_BIT_CONVERSION = YES;
				GCC_WARN_ABOUT_RETURN_TYPE = YES;
				GCC_WARN_UNDECLARED_SELECTOR = YES;
				GCC_WARN_UNINITIALIZED_AUTOS = YES;
				GCC_WARN_UNUSED_FUNCTION = YES;
				GCC_WARN_UNUSED_VARIABLE = YES;
				SWIFT_OPTIMIZATION_LEVEL = "-Owholemodule";
				SWIFT_VERSION = 4.0;
			};
			name = Release;
		};
/* End XCBuildConfiguration section */

/* Begin XCConfigurationList section */
		D92D75251E8DAE7500B478E8 /* Build configuration list for PBXNativeTarget "Tests-Framework-macOS" */ = {
			isa = XCConfigurationList;
			buildConfigurations = (
				D92D75231E8DAE7500B478E8 /* Debug */,
				D92D75241E8DAE7500B478E8 /* Release */,
			);
			defaultConfigurationIsVisible = 0;
			defaultConfigurationName = Release;
		};
		D92D753F1E8DAFA100B478E8 /* Build configuration list for PBXNativeTarget "Tests-Framework-iOS" */ = {
			isa = XCConfigurationList;
			buildConfigurations = (
				D92D75401E8DAFA100B478E8 /* Debug */,
				D92D75411E8DAFA100B478E8 /* Release */,
			);
			defaultConfigurationIsVisible = 0;
			defaultConfigurationName = Release;
		};
		D938C0201D207BD700DCC13F /* Build configuration list for PBXNativeTarget "Tests-Pods-macOS" */ = {
			isa = XCConfigurationList;
			buildConfigurations = (
				D938C0211D207BD700DCC13F /* Debug */,
				D938C0221D207BD700DCC13F /* Release */,
			);
			defaultConfigurationIsVisible = 0;
			defaultConfigurationName = Release;
		};
		D9CC4AB91D1EF77600C327E5 /* Build configuration list for PBXProject "SignalProtocolTests" */ = {
			isa = XCConfigurationList;
			buildConfigurations = (
				D9CC4ABA1D1EF77600C327E5 /* Debug */,
				D9CC4ABB1D1EF77600C327E5 /* Release */,
			);
			defaultConfigurationIsVisible = 0;
			defaultConfigurationName = Release;
		};
/* End XCConfigurationList section */
	};
	rootObject = D9CC4AB61D1EF77600C327E5 /* Project object */;
}
